
Microsoft Visual Studio Solution File, Format Version 12.00
# Visual Studio Version 17
VisualStudioVersion = 17.11.35219.272
MinimumVisualStudioVersion = 10.0.40219.1
Project("{FAE04EC0-301F-11D3-BF4B-00C04F79EFBC}") = "DMCheckSheetAPI", "DMCheckSheetAPI\DMCheckSheetAPI.csproj", "{8F840A62-0C50-4305-98DC-BA0B3083879D}"
EndProject
Global
	GlobalSection(SolutionConfigurationPlatforms) = preSolution
		Debug|Any CPU = Debug|Any CPU
		Release|Any CPU = Release|Any CPU
	EndGlobalSection
	GlobalSection(ProjectConfigurationPlatforms) = postSolution
		{8F840A62-0C50-4305-98DC-BA0B3083879D}.Debug|Any CPU.ActiveCfg = Debug|Any CPU
		{8F840A62-0C50-4305-98DC-BA0B3083879D}.Debug|Any CPU.Build.0 = Debug|Any CPU
		{8F840A62-0C50-4305-98DC-BA0B3083879D}.Release|Any CPU.ActiveCfg = Release|Any CPU
		{8F840A62-0C50-4305-98DC-BA0B3083879D}.Release|Any CPU.Build.0 = Release|Any CPU
	EndGlobalSection
	GlobalSection(SolutionProperties) = preSolution
		HideSolutionNode = FALSE
	EndGlobalSection
	GlobalSection(ExtensibilityGlobals) = postSolution
		SolutionGuid = {0A165A59-3F37-4AE5-865C-E37929B304BE}
	EndGlobalSection
EndGlobal
